
Microsoft Visual Studio Solution File, Format Version 12.00
# Visual Studio Version 17
VisualStudioVersion = 17.11.35327.3
MinimumVisualStudioVersion = 10.0.40219.1
Project("{9A19103F-16F7-4668-BE54-9A1E7A4F7556}") = "_Stage0", "_Stage0\_Stage0.csproj", "{86EDD489-CEDB-49F5-B511-B2D8FA1805F9}"
EndProject
Project("{2150E333-8FDC-42A3-9474-1A3956D46DE8}") = "Solution Items", "Solution Items", "{173CAB60-FD00-4D60-B93B-8039D5CBD3D2}"
	ProjectSection(SolutionItems) = preProject
		README.md = README.md
	EndProjectSection
EndProject
Project("{FAE04EC0-301F-11D3-BF4B-00C04F79EFBC}") = "DalFacade", "DalFacade\DalFacade.csproj", "{E069823E-BE38-4AC9-92CE-AC7FC9EBD11D}"
EndProject
Project("{FAE04EC0-301F-11D3-BF4B-00C04F79EFBC}") = "DalList", "DalList\DalList.csproj", "{C302776E-C1D1-4876-914A-D0C314B24F8E}"
EndProject
Project("{FAE04EC0-301F-11D3-BF4B-00C04F79EFBC}") = "DalTest", "DalTest\DalTest.csproj", "{054EE5BC-7BA0-432F-9675-C44BC23651B9}"
EndProject
Project("{FAE04EC0-301F-11D3-BF4B-00C04F79EFBC}") = "DalXml", "DalXml\DalXml.csproj", "{3E8BBCB9-9B0C-4F9C-A2EB-B0DDF55DDC93}"
EndProject
Project("{2150E333-8FDC-42A3-9474-1A3956D46DE8}") = "xml", "xml", "{40CBE278-9127-4A6E-B871-842D62C5655E}"
	ProjectSection(SolutionItems) = preProject
		xml\assignments.xml = xml\assignments.xml
		xml\calls.xml = xml\calls.xml
		xml\dal-config.xml = xml\dal-config.xml
		xml\data-config.xml = xml\data-config.xml
		xml\volunteers.xml = xml\volunteers.xml
	EndProjectSection
EndProject
Project("{FAE04EC0-301F-11D3-BF4B-00C04F79EFBC}") = "BL", "BL\BL.csproj", "{AB02ED69-E955-4006-B0D8-5BA997FCF25F}"
EndProject
Project("{FAE04EC0-301F-11D3-BF4B-00C04F79EFBC}") = "BlTest", "BlTest\BlTest.csproj", "{029528F8-DD29-446F-BA71-75B520D10288}"
EndProject
Global
	GlobalSection(SolutionConfigurationPlatforms) = preSolution
		Debug|Any CPU = Debug|Any CPU
		Release|Any CPU = Release|Any CPU
	EndGlobalSection
	GlobalSection(ProjectConfigurationPlatforms) = postSolution
		{86EDD489-CEDB-49F5-B511-B2D8FA1805F9}.Debug|Any CPU.ActiveCfg = Debug|Any CPU
		{86EDD489-CEDB-49F5-B511-B2D8FA1805F9}.Debug|Any CPU.Build.0 = Debug|Any CPU
		{86EDD489-CEDB-49F5-B511-B2D8FA1805F9}.Release|Any CPU.ActiveCfg = Release|Any CPU
		{86EDD489-CEDB-49F5-B511-B2D8FA1805F9}.Release|Any CPU.Build.0 = Release|Any CPU
		{E069823E-BE38-4AC9-92CE-AC7FC9EBD11D}.Debug|Any CPU.ActiveCfg = Debug|Any CPU
		{E069823E-BE38-4AC9-92CE-AC7FC9EBD11D}.Debug|Any CPU.Build.0 = Debug|Any CPU
		{E069823E-BE38-4AC9-92CE-AC7FC9EBD11D}.Release|Any CPU.ActiveCfg = Release|Any CPU
		{E069823E-BE38-4AC9-92CE-AC7FC9EBD11D}.Release|Any CPU.Build.0 = Release|Any CPU
		{C302776E-C1D1-4876-914A-D0C314B24F8E}.Debug|Any CPU.ActiveCfg = Debug|Any CPU
		{C302776E-C1D1-4876-914A-D0C314B24F8E}.Debug|Any CPU.Build.0 = Debug|Any CPU
		{C302776E-C1D1-4876-914A-D0C314B24F8E}.Release|Any CPU.ActiveCfg = Release|Any CPU
		{C302776E-C1D1-4876-914A-D0C314B24F8E}.Release|Any CPU.Build.0 = Release|Any CPU
		{054EE5BC-7BA0-432F-9675-C44BC23651B9}.Debug|Any CPU.ActiveCfg = Debug|Any CPU
		{054EE5BC-7BA0-432F-9675-C44BC23651B9}.Debug|Any CPU.Build.0 = Debug|Any CPU
		{054EE5BC-7BA0-432F-9675-C44BC23651B9}.Release|Any CPU.ActiveCfg = Release|Any CPU
		{054EE5BC-7BA0-432F-9675-C44BC23651B9}.Release|Any CPU.Build.0 = Release|Any CPU
		{3E8BBCB9-9B0C-4F9C-A2EB-B0DDF55DDC93}.Debug|Any CPU.ActiveCfg = Debug|Any CPU
		{3E8BBCB9-9B0C-4F9C-A2EB-B0DDF55DDC93}.Debug|Any CPU.Build.0 = Debug|Any CPU
		{3E8BBCB9-9B0C-4F9C-A2EB-B0DDF55DDC93}.Release|Any CPU.ActiveCfg = Release|Any CPU
		{3E8BBCB9-9B0C-4F9C-A2EB-B0DDF55DDC93}.Release|Any CPU.Build.0 = Release|Any CPU
		{AB02ED69-E955-4006-B0D8-5BA997FCF25F}.Debug|Any CPU.ActiveCfg = Debug|Any CPU
		{AB02ED69-E955-4006-B0D8-5BA997FCF25F}.Debug|Any CPU.Build.0 = Debug|Any CPU
		{AB02ED69-E955-4006-B0D8-5BA997FCF25F}.Release|Any CPU.ActiveCfg = Release|Any CPU
		{AB02ED69-E955-4006-B0D8-5BA997FCF25F}.Release|Any CPU.Build.0 = Release|Any CPU
		{029528F8-DD29-446F-BA71-75B520D10288}.Debug|Any CPU.ActiveCfg = Debug|Any CPU
		{029528F8-DD29-446F-BA71-75B520D10288}.Debug|Any CPU.Build.0 = Debug|Any CPU
		{029528F8-DD29-446F-BA71-75B520D10288}.Release|Any CPU.ActiveCfg = Release|Any CPU
		{029528F8-DD29-446F-BA71-75B520D10288}.Release|Any CPU.Build.0 = Release|Any CPU
	EndGlobalSection
	GlobalSection(SolutionProperties) = preSolution
		HideSolutionNode = FALSE
	EndGlobalSection
	GlobalSection(ExtensibilityGlobals) = postSolution
		SolutionGuid = {C01AB020-443B-43DB-8BDD-D0372ABE94B5}
	EndGlobalSection
EndGlobal
